{
  "lockfileVersion": 1,
  "workspaces": {
    "": {
      "name": "csalwork",
      "dependencies": {
        "algebrite": "^1.4.0",
      },
    },
  },
  "packages": {
    "algebrite": ["algebrite@1.4.0", "", { "dependencies": { "big-integer": "^1.6.32" } }, "sha512-YPqD1baZOjuRnvR6xwyGYDJ9OvcqkPLLuxFAxnTGYVnKadzA5PyoMXm8mA1pYCE2xloMSgcZkTL1cXkK5C87cg=="],

    "big-integer": ["big-integer@1.6.52", "", {}, "sha512-QxD8cf2eVqJOOz63z6JIN9BzvVs/dlySa5HGSBH5xtR8dPteIRQnBxxKqkNTiT6jbDTF6jAfrd4oMcND9RGbQg=="],
  }
}
